<?xml version="1.0" encoding="utf-8"?>
<Project ToolsVersion="4.0" xmlns="http://schemas.microsoft.com/developer/msbuild/2003">
  <ItemGroup>
    <Filter Include="Resource Files">
      <UniqueIdentifier>{67DA6AB6-F800-4c08-8B7A-83BB121AAD01}</UniqueIdentifier>
      <Extensions>rc;ico;cur;bmp;dlg;rc2;rct;bin;rgs;gif;jpg;jpeg;jpe;resx;tiff;tif;png;wav;mfcribbon-ms</Extensions>
    </Filter>
    <Filter Include="Core">
      <UniqueIdentifier>{4defad59-e4ef-4295-852e-3ff16c0a3ab2}</UniqueIdentifier>
    </Filter>
    <Filter Include="Core\Source Files">
      <UniqueIdentifier>{4FC737F1-C7A5-4376-A066-2A32D752A2FF}</UniqueIdentifier>
      <Extensions>cpp;c;cc;cxx;def;odl;idl;hpj;bat;asm;asmx</Extensions>
    </Filter>
    <Filter Include="Core\Header Files">
      <UniqueIdentifier>{93995380-89BD-4b04-88EB-625FBE52EBFB}</UniqueIdentifier>
      <Extensions>h;hh;hpp;hxx;hm;inl;inc;xsd</Extensions>
    </Filter>
    <Filter Include="Input">
      <UniqueIdentifier>{d07f40af-3aaf-4ad0-be2b-4de58f109766}</UniqueIdentifier>
    </Filter>
    <Filter Include="Graphics">
      <UniqueIdentifier>{e7839eb1-2f22-4630-85b7-93cb03efdc4d}</UniqueIdentifier>
    </Filter>
    <Filter Include="Audio">
      <UniqueIdentifier>{cf5f1f2f-b7b1-4b96-a7a1-36f0ac95fcb7}</UniqueIdentifier>
    </Filter>
    <Filter Include="Misc">
      <UniqueIdentifier>{71dd5af1-4d5b-49f6-89c7-c560756431df}</UniqueIdentifier>
    </Filter>
    <Filter Include="Input\Header Files">
      <UniqueIdentifier>{67bd303b-9169-4182-8814-0fffd2da2dea}</UniqueIdentifier>
    </Filter>
    <Filter Include="Input\Source Files">
      <UniqueIdentifier>{ef77f323-410f-4486-a925-dc256dc6fd43}</UniqueIdentifier>
    </Filter>
    <Filter Include="Graphics\Header Files">
      <UniqueIdentifier>{beee3716-ab66-4850-848d-fe7ecf9dd288}</UniqueIdentifier>
    </Filter>
    <Filter Include="Graphics\Source Files">
      <UniqueIdentifier>{5054639a-253d-4fc3-92ce-3e1871738a72}</UniqueIdentifier>
    </Filter>
    <Filter Include="Audio\Header Files">
      <UniqueIdentifier>{02b6e6e6-96d8-40dc-a150-ea08bd0fca79}</UniqueIdentifier>
    </Filter>
    <Filter Include="Audio\Source Files">
      <UniqueIdentifier>{63c7508a-c6e8-4402-81f3-a6e84cb31568}</UniqueIdentifier>
    </Filter>
    <Filter Include="Misc\Header Files">
      <UniqueIdentifier>{bff4390b-e93d-4569-99f5-f5f5be4ee556}</UniqueIdentifier>
    </Filter>
    <Filter Include="Misc\Source Files">
      <UniqueIdentifier>{f80a6317-7232-43ba-a777-57bc24ee1850}</UniqueIdentifier>
    </Filter>
  </ItemGroup>
  <ItemGroup>
    <ClCompile Include="Core\ResourceManager.cpp">
      <Filter>Core\Source Files</Filter>
    </ClCompile>
  </ItemGroup>
  <ItemGroup>
    <ClInclude Include="Core\ResourceManager.h">
      <Filter>Core\Header Files</Filter>
    </ClInclude>
  </ItemGroup>
</Project>